
Microsoft Visual Studio Solution File, Format Version 12.00
# Visual Studio 15
VisualStudioVersion = 15.0.27703.2035
MinimumVisualStudioVersion = 10.0.40219.1
Project("{FAE04EC0-301F-11D3-BF4B-00C04F79EFBC}") = "SwimApplicationLibrary", "SwimApplicationLibrary\SwimApplicationLibrary.csproj", "{DEF294D9-A387-4B2A-9191-80138AF5A562}"
EndProject
Project("{FAE04EC0-301F-11D3-BF4B-00C04F79EFBC}") = "swimGUIAssignment4", "swimGUIAssignment4\swimGUIAssignment4.csproj", "{08D57C2C-805C-4F04-A215-8E1B81BA748F}"
EndProject
Global
	GlobalSection(SolutionConfigurationPlatforms) = preSolution
		Debug|Any CPU = Debug|Any CPU
		Release|Any CPU = Release|Any CPU
	EndGlobalSection
	GlobalSection(ProjectConfigurationPlatforms) = postSolution
		{DEF294D9-A387-4B2A-9191-80138AF5A562}.Debug|Any CPU.ActiveCfg = Debug|Any CPU
		{DEF294D9-A387-4B2A-9191-80138AF5A562}.Debug|Any CPU.Build.0 = Debug|Any CPU
		{DEF294D9-A387-4B2A-9191-80138AF5A562}.Release|Any CPU.ActiveCfg = Release|Any CPU
		{DEF294D9-A387-4B2A-9191-80138AF5A562}.Release|Any CPU.Build.0 = Release|Any CPU
		{08D57C2C-805C-4F04-A215-8E1B81BA748F}.Debug|Any CPU.ActiveCfg = Debug|Any CPU
		{08D57C2C-805C-4F04-A215-8E1B81BA748F}.Debug|Any CPU.Build.0 = Debug|Any CPU
		{08D57C2C-805C-4F04-A215-8E1B81BA748F}.Release|Any CPU.ActiveCfg = Release|Any CPU
		{08D57C2C-805C-4F04-A215-8E1B81BA748F}.Release|Any CPU.Build.0 = Release|Any CPU
	EndGlobalSection
	GlobalSection(SolutionProperties) = preSolution
		HideSolutionNode = FALSE
	EndGlobalSection
	GlobalSection(ExtensibilityGlobals) = postSolution
		SolutionGuid = {37D5DCAB-06ED-4BDC-8E6E-49E3D5388EC2}
	EndGlobalSection
EndGlobal
